
Microsoft Visual Studio Solution File, Format Version 12.00
# Visual Studio 15
VisualStudioVersion = 15.0.28307.489
MinimumVisualStudioVersion = 10.0.40219.1
Project("{FAE04EC0-301F-11D3-BF4B-00C04F79EFBC}") = "WpfApp1", "WpfApp1\WpfApp1.csproj", "{63CA1CF6-A5C3-4346-91A9-75E324DCC1BD}"
EndProject
Global
	GlobalSection(SolutionConfigurationPlatforms) = preSolution
		Debug|Any CPU = Debug|Any CPU
		Release|Any CPU = Release|Any CPU
	EndGlobalSection
	GlobalSection(ProjectConfigurationPlatforms) = postSolution
		{63CA1CF6-A5C3-4346-91A9-75E324DCC1BD}.Debug|Any CPU.ActiveCfg = Debug|Any CPU
		{63CA1CF6-A5C3-4346-91A9-75E324DCC1BD}.Debug|Any CPU.Build.0 = Debug|Any CPU
		{63CA1CF6-A5C3-4346-91A9-75E324DCC1BD}.Release|Any CPU.ActiveCfg = Release|Any CPU
		{63CA1CF6-A5C3-4346-91A9-75E324DCC1BD}.Release|Any CPU.Build.0 = Release|Any CPU
	EndGlobalSection
	GlobalSection(SolutionProperties) = preSolution
		HideSolutionNode = FALSE
	EndGlobalSection
	GlobalSection(ExtensibilityGlobals) = postSolution
		SolutionGuid = {04682DE2-1F42-41F9-AFAC-4BAAED096BB3}
	EndGlobalSection
EndGlobal
